
Microsoft Visual Studio Solution File, Format Version 12.00
# Visual Studio Version 17
VisualStudioVersion = 17.11.35219.272
MinimumVisualStudioVersion = 10.0.40219.1
Project("{FAE04EC0-301F-11D3-BF4B-00C04F79EFBC}") = "DataAccessLayer", "DataAccessLayer\DataAccessLayer.csproj", "{04456839-F3D2-4A08-B6CB-1C1B4DF4677D}"
EndProject
Project("{FAE04EC0-301F-11D3-BF4B-00C04F79EFBC}") = "LCBApp", "LCBApp\LCBApp.csproj", "{2ACAF4AD-C4E7-44F9-BF82-CC9AC7AC82E9}"
EndProject
Project("{FAE04EC0-301F-11D3-BF4B-00C04F79EFBC}") = "Services", "Services\Services.csproj", "{F28B6196-AC02-4CDE-8338-CC1AAAC9C8D6}"
EndProject
Global
	GlobalSection(SolutionConfigurationPlatforms) = preSolution
		Debug|Any CPU = Debug|Any CPU
		Release|Any CPU = Release|Any CPU
	EndGlobalSection
	GlobalSection(ProjectConfigurationPlatforms) = postSolution
		{04456839-F3D2-4A08-B6CB-1C1B4DF4677D}.Debug|Any CPU.ActiveCfg = Debug|Any CPU
		{04456839-F3D2-4A08-B6CB-1C1B4DF4677D}.Debug|Any CPU.Build.0 = Debug|Any CPU
		{04456839-F3D2-4A08-B6CB-1C1B4DF4677D}.Release|Any CPU.ActiveCfg = Release|Any CPU
		{04456839-F3D2-4A08-B6CB-1C1B4DF4677D}.Release|Any CPU.Build.0 = Release|Any CPU
		{2ACAF4AD-C4E7-44F9-BF82-CC9AC7AC82E9}.Debug|Any CPU.ActiveCfg = Debug|Any CPU
		{2ACAF4AD-C4E7-44F9-BF82-CC9AC7AC82E9}.Debug|Any CPU.Build.0 = Debug|Any CPU
		{2ACAF4AD-C4E7-44F9-BF82-CC9AC7AC82E9}.Release|Any CPU.ActiveCfg = Release|Any CPU
		{2ACAF4AD-C4E7-44F9-BF82-CC9AC7AC82E9}.Release|Any CPU.Build.0 = Release|Any CPU
		{F28B6196-AC02-4CDE-8338-CC1AAAC9C8D6}.Debug|Any CPU.ActiveCfg = Debug|Any CPU
		{F28B6196-AC02-4CDE-8338-CC1AAAC9C8D6}.Debug|Any CPU.Build.0 = Debug|Any CPU
		{F28B6196-AC02-4CDE-8338-CC1AAAC9C8D6}.Release|Any CPU.ActiveCfg = Release|Any CPU
		{F28B6196-AC02-4CDE-8338-CC1AAAC9C8D6}.Release|Any CPU.Build.0 = Release|Any CPU
	EndGlobalSection
	GlobalSection(SolutionProperties) = preSolution
		HideSolutionNode = FALSE
	EndGlobalSection
	GlobalSection(ExtensibilityGlobals) = postSolution
		SolutionGuid = {1517F026-2791-4817-B994-6F676D74EF4D}
	EndGlobalSection
EndGlobal
